
Microsoft Visual Studio Solution File, Format Version 12.00
# Visual Studio Version 17
VisualStudioVersion = 17.7.34202.233
MinimumVisualStudioVersion = 10.0.40219.1
Project("{FAE04EC0-301F-11D3-BF4B-00C04F79EFBC}") = "Consoleapp11", "Consoleapp11\Consoleapp11.csproj", "{EE89747A-7A91-4B62-8BAD-6F09B1943142}"
EndProject
Global
	GlobalSection(SolutionConfigurationPlatforms) = preSolution
		Debug|Any CPU = Debug|Any CPU
		Release|Any CPU = Release|Any CPU
	EndGlobalSection
	GlobalSection(ProjectConfigurationPlatforms) = postSolution
		{EE89747A-7A91-4B62-8BAD-6F09B1943142}.Debug|Any CPU.ActiveCfg = Debug|Any CPU
		{EE89747A-7A91-4B62-8BAD-6F09B1943142}.Debug|Any CPU.Build.0 = Debug|Any CPU
		{EE89747A-7A91-4B62-8BAD-6F09B1943142}.Release|Any CPU.ActiveCfg = Release|Any CPU
		{EE89747A-7A91-4B62-8BAD-6F09B1943142}.Release|Any CPU.Build.0 = Release|Any CPU
	EndGlobalSection
	GlobalSection(SolutionProperties) = preSolution
		HideSolutionNode = FALSE
	EndGlobalSection
	GlobalSection(ExtensibilityGlobals) = postSolution
		SolutionGuid = {A0C1C872-B55F-49B1-AB41-ABCDB65384D6}
	EndGlobalSection
EndGlobal
